
Microsoft Visual Studio Solution File, Format Version 12.00
# Visual Studio 15
VisualStudioVersion = 15.0.27703.2035
MinimumVisualStudioVersion = 10.0.40219.1
Project("{FAE04EC0-301F-11D3-BF4B-00C04F79EFBC}") = "RoversMovement", "RoversMovement\RoversMovement.csproj", "{4FB348E6-55ED-46F7-B92B-93562C8CF5FE}"
EndProject
Project("{FAE04EC0-301F-11D3-BF4B-00C04F79EFBC}") = "Models", "Models\Models.csproj", "{A0A20E3F-4C9A-45F3-B0AD-2F7E585D3BC9}"
EndProject
Project("{FAE04EC0-301F-11D3-BF4B-00C04F79EFBC}") = "XUnitTestRoverMovement", "XUnitTestRoverMovement\XUnitTestRoverMovement.csproj", "{B3A89FE9-847B-49FD-82C8-CD4DAE22352B}"
EndProject
Global
	GlobalSection(SolutionConfigurationPlatforms) = preSolution
		Debug|Any CPU = Debug|Any CPU
		Release|Any CPU = Release|Any CPU
	EndGlobalSection
	GlobalSection(ProjectConfigurationPlatforms) = postSolution
		{4FB348E6-55ED-46F7-B92B-93562C8CF5FE}.Debug|Any CPU.ActiveCfg = Debug|Any CPU
		{4FB348E6-55ED-46F7-B92B-93562C8CF5FE}.Debug|Any CPU.Build.0 = Debug|Any CPU
		{4FB348E6-55ED-46F7-B92B-93562C8CF5FE}.Release|Any CPU.ActiveCfg = Release|Any CPU
		{4FB348E6-55ED-46F7-B92B-93562C8CF5FE}.Release|Any CPU.Build.0 = Release|Any CPU
		{A0A20E3F-4C9A-45F3-B0AD-2F7E585D3BC9}.Debug|Any CPU.ActiveCfg = Debug|Any CPU
		{A0A20E3F-4C9A-45F3-B0AD-2F7E585D3BC9}.Debug|Any CPU.Build.0 = Debug|Any CPU
		{A0A20E3F-4C9A-45F3-B0AD-2F7E585D3BC9}.Release|Any CPU.ActiveCfg = Release|Any CPU
		{A0A20E3F-4C9A-45F3-B0AD-2F7E585D3BC9}.Release|Any CPU.Build.0 = Release|Any CPU
		{B3A89FE9-847B-49FD-82C8-CD4DAE22352B}.Debug|Any CPU.ActiveCfg = Debug|Any CPU
		{B3A89FE9-847B-49FD-82C8-CD4DAE22352B}.Debug|Any CPU.Build.0 = Debug|Any CPU
		{B3A89FE9-847B-49FD-82C8-CD4DAE22352B}.Release|Any CPU.ActiveCfg = Release|Any CPU
		{B3A89FE9-847B-49FD-82C8-CD4DAE22352B}.Release|Any CPU.Build.0 = Release|Any CPU
	EndGlobalSection
	GlobalSection(SolutionProperties) = preSolution
		HideSolutionNode = FALSE
	EndGlobalSection
	GlobalSection(ExtensibilityGlobals) = postSolution
		SolutionGuid = {E5B50AA9-EBA1-4202-A1D0-47D7E20F2BA4}
	EndGlobalSection
EndGlobal
